
Microsoft Visual Studio Solution File, Format Version 12.00
# Visual Studio Version 17
VisualStudioVersion = 17.11.35327.3
MinimumVisualStudioVersion = 10.0.40219.1
Project("{8BC9CEB8-8B4A-11D0-8D11-00A0C91BC942}") = "ServerCore", "ServerCore\ServerCore.vcxproj", "{7C8B6ED2-AF08-474A-93FA-957698E49F76}"
EndProject
Project("{8BC9CEB8-8B4A-11D0-8D11-00A0C91BC942}") = "GameServer", "GameServer\GameServer.vcxproj", "{44D1E7B1-AAFC-4218-BAFB-E7C362C5F00F}"
EndProject
Project("{8BC9CEB8-8B4A-11D0-8D11-00A0C91BC942}") = "DummyClient", "DummyClient\DummyClient.vcxproj", "{91CBA536-663E-4549-9334-2485EB043082}"
EndProject
Project("{9A19103F-16F7-4668-BE54-9A1E7A4F7556}") = "CSharpServerCore", "CSharpServerCore\CSharpServerCore.csproj", "{CC7D9952-AB0E-4778-97E6-BA44AC1A432F}"
EndProject
Project("{FAE04EC0-301F-11D3-BF4B-00C04F79EFBC}") = "CSharpSampleServer", "CSharpSampleServer\CSharpSampleServer.csproj", "{2BD628F8-2DC8-4910-A1A7-56B848B822B3}"
EndProject
Global
	GlobalSection(SolutionConfigurationPlatforms) = preSolution
		Debug|Any CPU = Debug|Any CPU
		Debug|x64 = Debug|x64
		Debug|x86 = Debug|x86
		Release|Any CPU = Release|Any CPU
		Release|x64 = Release|x64
		Release|x86 = Release|x86
	EndGlobalSection
	GlobalSection(ProjectConfigurationPlatforms) = postSolution
		{7C8B6ED2-AF08-474A-93FA-957698E49F76}.Debug|Any CPU.ActiveCfg = Debug|x64
		{7C8B6ED2-AF08-474A-93FA-957698E49F76}.Debug|Any CPU.Build.0 = Debug|x64
		{7C8B6ED2-AF08-474A-93FA-957698E49F76}.Debug|x64.ActiveCfg = Debug|x64
		{7C8B6ED2-AF08-474A-93FA-957698E49F76}.Debug|x64.Build.0 = Debug|x64
		{7C8B6ED2-AF08-474A-93FA-957698E49F76}.Debug|x86.ActiveCfg = Debug|Win32
		{7C8B6ED2-AF08-474A-93FA-957698E49F76}.Debug|x86.Build.0 = Debug|Win32
		{7C8B6ED2-AF08-474A-93FA-957698E49F76}.Release|Any CPU.ActiveCfg = Release|x64
		{7C8B6ED2-AF08-474A-93FA-957698E49F76}.Release|Any CPU.Build.0 = Release|x64
		{7C8B6ED2-AF08-474A-93FA-957698E49F76}.Release|x64.ActiveCfg = Release|x64
		{7C8B6ED2-AF08-474A-93FA-957698E49F76}.Release|x64.Build.0 = Release|x64
		{7C8B6ED2-AF08-474A-93FA-957698E49F76}.Release|x86.ActiveCfg = Release|Win32
		{7C8B6ED2-AF08-474A-93FA-957698E49F76}.Release|x86.Build.0 = Release|Win32
		{44D1E7B1-AAFC-4218-BAFB-E7C362C5F00F}.Debug|Any CPU.ActiveCfg = Debug|x64
		{44D1E7B1-AAFC-4218-BAFB-E7C362C5F00F}.Debug|Any CPU.Build.0 = Debug|x64
		{44D1E7B1-AAFC-4218-BAFB-E7C362C5F00F}.Debug|x64.ActiveCfg = Debug|x64
		{44D1E7B1-AAFC-4218-BAFB-E7C362C5F00F}.Debug|x64.Build.0 = Debug|x64
		{44D1E7B1-AAFC-4218-BAFB-E7C362C5F00F}.Debug|x86.ActiveCfg = Debug|Win32
		{44D1E7B1-AAFC-4218-BAFB-E7C362C5F00F}.Debug|x86.Build.0 = Debug|Win32
		{44D1E7B1-AAFC-4218-BAFB-E7C362C5F00F}.Release|Any CPU.ActiveCfg = Release|x64
		{44D1E7B1-AAFC-4218-BAFB-E7C362C5F00F}.Release|Any CPU.Build.0 = Release|x64
		{44D1E7B1-AAFC-4218-BAFB-E7C362C5F00F}.Release|x64.ActiveCfg = Release|x64
		{44D1E7B1-AAFC-4218-BAFB-E7C362C5F00F}.Release|x64.Build.0 = Release|x64
		{44D1E7B1-AAFC-4218-BAFB-E7C362C5F00F}.Release|x86.ActiveCfg = Release|Win32
		{44D1E7B1-AAFC-4218-BAFB-E7C362C5F00F}.Release|x86.Build.0 = Release|Win32
		{91CBA536-663E-4549-9334-2485EB043082}.Debug|Any CPU.ActiveCfg = Debug|x64
		{91CBA536-663E-4549-9334-2485EB043082}.Debug|Any CPU.Build.0 = Debug|x64
		{91CBA536-663E-4549-9334-2485EB043082}.Debug|x64.ActiveCfg = Debug|x64
		{91CBA536-663E-4549-9334-2485EB043082}.Debug|x64.Build.0 = Debug|x64
		{91CBA536-663E-4549-9334-2485EB043082}.Debug|x86.ActiveCfg = Debug|Win32
		{91CBA536-663E-4549-9334-2485EB043082}.Debug|x86.Build.0 = Debug|Win32
		{91CBA536-663E-4549-9334-2485EB043082}.Release|Any CPU.ActiveCfg = Release|x64
		{91CBA536-663E-4549-9334-2485EB043082}.Release|Any CPU.Build.0 = Release|x64
		{91CBA536-663E-4549-9334-2485EB043082}.Release|x64.ActiveCfg = Release|x64
		{91CBA536-663E-4549-9334-2485EB043082}.Release|x64.Build.0 = Release|x64
		{91CBA536-663E-4549-9334-2485EB043082}.Release|x86.ActiveCfg = Release|Win32
		{91CBA536-663E-4549-9334-2485EB043082}.Release|x86.Build.0 = Release|Win32
		{CC7D9952-AB0E-4778-97E6-BA44AC1A432F}.Debug|Any CPU.ActiveCfg = Debug|Any CPU
		{CC7D9952-AB0E-4778-97E6-BA44AC1A432F}.Debug|Any CPU.Build.0 = Debug|Any CPU
		{CC7D9952-AB0E-4778-97E6-BA44AC1A432F}.Debug|x64.ActiveCfg = Debug|Any CPU
		{CC7D9952-AB0E-4778-97E6-BA44AC1A432F}.Debug|x64.Build.0 = Debug|Any CPU
		{CC7D9952-AB0E-4778-97E6-BA44AC1A432F}.Debug|x86.ActiveCfg = Debug|Any CPU
		{CC7D9952-AB0E-4778-97E6-BA44AC1A432F}.Debug|x86.Build.0 = Debug|Any CPU
		{CC7D9952-AB0E-4778-97E6-BA44AC1A432F}.Release|Any CPU.ActiveCfg = Release|Any CPU
		{CC7D9952-AB0E-4778-97E6-BA44AC1A432F}.Release|Any CPU.Build.0 = Release|Any CPU
		{CC7D9952-AB0E-4778-97E6-BA44AC1A432F}.Release|x64.ActiveCfg = Release|Any CPU
		{CC7D9952-AB0E-4778-97E6-BA44AC1A432F}.Release|x64.Build.0 = Release|Any CPU
		{CC7D9952-AB0E-4778-97E6-BA44AC1A432F}.Release|x86.ActiveCfg = Release|Any CPU
		{CC7D9952-AB0E-4778-97E6-BA44AC1A432F}.Release|x86.Build.0 = Release|Any CPU
		{2BD628F8-2DC8-4910-A1A7-56B848B822B3}.Debug|Any CPU.ActiveCfg = Debug|Any CPU
		{2BD628F8-2DC8-4910-A1A7-56B848B822B3}.Debug|Any CPU.Build.0 = Debug|Any CPU
		{2BD628F8-2DC8-4910-A1A7-56B848B822B3}.Debug|x64.ActiveCfg = Debug|Any CPU
		{2BD628F8-2DC8-4910-A1A7-56B848B822B3}.Debug|x64.Build.0 = Debug|Any CPU
		{2BD628F8-2DC8-4910-A1A7-56B848B822B3}.Debug|x86.ActiveCfg = Debug|Any CPU
		{2BD628F8-2DC8-4910-A1A7-56B848B822B3}.Debug|x86.Build.0 = Debug|Any CPU
		{2BD628F8-2DC8-4910-A1A7-56B848B822B3}.Release|Any CPU.ActiveCfg = Release|Any CPU
		{2BD628F8-2DC8-4910-A1A7-56B848B822B3}.Release|Any CPU.Build.0 = Release|Any CPU
		{2BD628F8-2DC8-4910-A1A7-56B848B822B3}.Release|x64.ActiveCfg = Release|Any CPU
		{2BD628F8-2DC8-4910-A1A7-56B848B822B3}.Release|x64.Build.0 = Release|Any CPU
		{2BD628F8-2DC8-4910-A1A7-56B848B822B3}.Release|x86.ActiveCfg = Release|Any CPU
		{2BD628F8-2DC8-4910-A1A7-56B848B822B3}.Release|x86.Build.0 = Release|Any CPU
	EndGlobalSection
	GlobalSection(SolutionProperties) = preSolution
		HideSolutionNode = FALSE
	EndGlobalSection
	GlobalSection(ExtensibilityGlobals) = postSolution
		SolutionGuid = {BC446146-CCAA-4575-AB62-60B7B9DF5EA3}
	EndGlobalSection
EndGlobal
