<?xml version="1.0" encoding="utf-8"?>
<Project ToolsVersion="4.0" xmlns="http://schemas.microsoft.com/developer/msbuild/2003">
  <ItemGroup>
    <Filter Include="Main">
      <UniqueIdentifier>{1757eb62-a6db-4a62-8c31-e373794befd9}</UniqueIdentifier>
    </Filter>
    <Filter Include="JobQueue">
      <UniqueIdentifier>{710fa65b-14d4-43bc-881b-643ef5258fa0}</UniqueIdentifier>
    </Filter>
    <Filter Include="Utils">
      <UniqueIdentifier>{3f1d7aaa-d4f2-41ee-8011-1eb1cc9edded}</UniqueIdentifier>
    </Filter>
  </ItemGroup>
  <ItemGroup>
    <ClCompile Include="GameServer.cpp">
      <Filter>Main</Filter>
    </ClCompile>
    <ClCompile Include="Lobby.cpp">
      <Filter>JobQueue</Filter>
    </ClCompile>
    <ClCompile Include="Room.cpp">
      <Filter>JobQueue</Filter>
    </ClCompile>
    <ClCompile Include="pch.cpp">
      <Filter>Utils</Filter>
    </ClCompile>
    <ClCompile Include="ClientPacketHandler.cpp">
      <Filter>Main</Filter>
    </ClCompile>
    <ClCompile Include="ClientSession.cpp">
      <Filter>Main</Filter>
    </ClCompile>
    <ClCompile Include="ClientSessionManager.cpp">
      <Filter>Main</Filter>
    </ClCompile>
  </ItemGroup>
  <ItemGroup>
    <ClInclude Include="Lobby.h">
      <Filter>JobQueue</Filter>
    </ClInclude>
    <ClInclude Include="Room.h">
      <Filter>JobQueue</Filter>
    </ClInclude>
    <ClInclude Include="pch.h">
      <Filter>Utils</Filter>
    </ClInclude>
    <ClInclude Include="ClientPacketHandler.h">
      <Filter>Main</Filter>
    </ClInclude>
    <ClInclude Include="ClientSession.h">
      <Filter>Main</Filter>
    </ClInclude>
    <ClInclude Include="ClientSessionManager.h">
      <Filter>Main</Filter>
    </ClInclude>
  </ItemGroup>
</Project>